<?xml version="1.0" encoding="utf-8"?>
<Project ToolsVersion="18.0" xmlns="http://schemas.microsoft.com/developer/msbuild/2003">
  <ItemGroup>
    <ClCompile Include="D:\generalzh\GeneralsMD\Code\Main\WinMain.cpp">
      <Filter>Source Files</Filter>
    </ClCompile>
  </ItemGroup>
  <ItemGroup>
    <ClInclude Include="D:\generalzh\GeneralsMD\Code\Main\WinMain.h">
      <Filter>Header Files</Filter>
    </ClInclude>
    <ClInclude Include="D:\generalzh\GeneralsMD\Code\Main\resource.h">
      <Filter>Header Files</Filter>
    </ClInclude>
  </ItemGroup>
  <ItemGroup>
    <CustomBuild Include="D:\generalzh\GeneralsMD\Code\Main\CMakeLists.txt" />
  </ItemGroup>
  <ItemGroup>
    <ResourceCompile Include="D:\generalzh\GeneralsMD\Code\Main\RTS.RC" />
  </ItemGroup>
  <ItemGroup>
    <Filter Include="Header Files">
      <UniqueIdentifier>{A991ABC3-C815-3059-B138-27FDD8A7B9FE}</UniqueIdentifier>
    </Filter>
    <Filter Include="Source Files">
      <UniqueIdentifier>{896FF0E5-1947-3179-B40C-13E84E94CF31}</UniqueIdentifier>
    </Filter>
  </ItemGroup>
</Project>
